<?xml version="1.0" encoding="utf-8"?>
<Project ToolsVersion="4.0" xmlns="http://schemas.microsoft.com/developer/msbuild/2003">
  <ItemGroup>
    <ClCompile Include="avalanche.cpp">
      <Filter>ソースファイル</Filter>
    </ClCompile>
    <ClCompile Include="barrier.cpp">
      <Filter>ソースファイル</Filter>
    </ClCompile>
    <ClCompile Include="bg_move.cpp">
      <Filter>ソースファイル</Filter>
    </ClCompile>
    <ClCompile Include="bubble.cpp">
      <Filter>ソースファイル</Filter>
    </ClCompile>
    <ClCompile Include="bullet.cpp">
      <Filter>ソースファイル</Filter>
    </ClCompile>
    <ClCompile Include="bullet_option.cpp">
      <Filter>ソースファイル</Filter>
    </ClCompile>
    <ClCompile Include="cloud.cpp">
      <Filter>ソースファイル</Filter>
    </ClCompile>
    <ClCompile Include="continue.cpp">
      <Filter>ソースファイル</Filter>
    </ClCompile>
    <ClCompile Include="effect.cpp">
      <Filter>ソースファイル</Filter>
    </ClCompile>
    <ClCompile Include="enemy.cpp">
      <Filter>ソースファイル</Filter>
    </ClCompile>
    <ClCompile Include="explosion.cpp">
      <Filter>ソースファイル</Filter>
    </ClCompile>
    <ClCompile Include="fade.cpp">
      <Filter>ソースファイル</Filter>
    </ClCompile>
    <ClCompile Include="fade_scene.cpp">
      <Filter>ソースファイル</Filter>
    </ClCompile>
    <ClCompile Include="gauge.cpp">
      <Filter>ソースファイル</Filter>
    </ClCompile>
    <ClCompile Include="item.cpp">
      <Filter>ソースファイル</Filter>
    </ClCompile>
    <ClCompile Include="life.cpp">
      <Filter>ソースファイル</Filter>
    </ClCompile>
    <ClCompile Include="light.cpp">
      <Filter>ソースファイル</Filter>
    </ClCompile>
    <ClCompile Include="spray.cpp">
      <Filter>ソースファイル</Filter>
    </ClCompile>
    <ClCompile Include="title.cpp">
      <Filter>ソースファイル\scenes</Filter>
    </ClCompile>
    <ClCompile Include="result.cpp">
      <Filter>ソースファイル\scenes</Filter>
    </ClCompile>
    <ClCompile Include="game.cpp">
      <Filter>ソースファイル\scenes</Filter>
    </ClCompile>
    <ClCompile Include="input.cpp">
      <Filter>ソースファイル\inputs</Filter>
    </ClCompile>
    <ClCompile Include="input_joypad.cpp">
      <Filter>ソースファイル\inputs</Filter>
    </ClCompile>
    <ClCompile Include="input_keyboard.cpp">
      <Filter>ソースファイル\inputs</Filter>
    </ClCompile>
    <ClCompile Include="input_mouse.cpp">
      <Filter>ソースファイル\inputs</Filter>
    </ClCompile>
    <ClCompile Include="main.cpp">
      <Filter>ソースファイル\main</Filter>
    </ClCompile>
    <ClCompile Include="x_file.cpp">
      <Filter>ソースファイル\managers</Filter>
    </ClCompile>
    <ClCompile Include="texture.cpp">
      <Filter>ソースファイル\managers</Filter>
    </ClCompile>
    <ClCompile Include="sound.cpp">
      <Filter>ソースファイル\managers</Filter>
    </ClCompile>
    <ClCompile Include="manager.cpp">
      <Filter>ソースファイル\managers</Filter>
    </ClCompile>
    <ClCompile Include="bg.cpp">
      <Filter>ソースファイル</Filter>
    </ClCompile>
    <ClCompile Include="object.cpp">
      <Filter>ソースファイル\objects</Filter>
    </ClCompile>
    <ClCompile Include="object2D.cpp">
      <Filter>ソースファイル\objects</Filter>
    </ClCompile>
    <ClCompile Include="object3D.cpp">
      <Filter>ソースファイル\objects</Filter>
    </ClCompile>
    <ClCompile Include="renderer.cpp">
      <Filter>ソースファイル\renderer</Filter>
    </ClCompile>
    <ClCompile Include="model.cpp">
      <Filter>ソースファイル\model</Filter>
    </ClCompile>
    <ClCompile Include="model_crevasse.cpp">
      <Filter>ソースファイル\model</Filter>
    </ClCompile>
    <ClCompile Include="model_manager.cpp">
      <Filter>ソースファイル\model</Filter>
    </ClCompile>
    <ClCompile Include="model_obstacle.cpp">
      <Filter>ソースファイル\model</Filter>
    </ClCompile>
    <ClCompile Include="logo.cpp">
      <Filter>ソースファイル\logo</Filter>
    </ClCompile>
    <ClCompile Include="logo_countdown.cpp">
      <Filter>ソースファイル\logo</Filter>
    </ClCompile>
    <ClCompile Include="logo_extend.cpp">
      <Filter>ソースファイル\logo</Filter>
    </ClCompile>
    <ClCompile Include="mesh_field.cpp">
      <Filter>ソースファイル\mesh</Filter>
    </ClCompile>
    <ClCompile Include="mesh_sphere.cpp">
      <Filter>ソースファイル\mesh</Filter>
    </ClCompile>
    <ClCompile Include="x_file_motion.cpp">
      <Filter>ソースファイル\managers</Filter>
    </ClCompile>
    <ClCompile Include="motion.cpp">
      <Filter>ソースファイル\motion</Filter>
    </ClCompile>
    <ClCompile Include="motion_parts.cpp">
      <Filter>ソースファイル\motion</Filter>
    </ClCompile>
    <ClCompile Include="player.cpp">
      <Filter>ソースファイル\motion</Filter>
    </ClCompile>
    <ClCompile Include="set_model.cpp">
      <Filter>ソースファイル\managers</Filter>
    </ClCompile>
    <ClCompile Include="ui.cpp">
      <Filter>ソースファイル\ui</Filter>
    </ClCompile>
    <ClCompile Include="billboard.cpp">
      <Filter>ソースファイル\billboard</Filter>
    </ClCompile>
    <ClCompile Include="debugproc.cpp">
      <Filter>ソースファイル\renderer</Filter>
    </ClCompile>
    <ClCompile Include="billboard_player.cpp">
      <Filter>ソースファイル\billboard</Filter>
    </ClCompile>
    <ClCompile Include="library.cpp">
      <Filter>ソースファイル\便利</Filter>
    </ClCompile>
    <ClCompile Include="camera.cpp">
      <Filter>ソースファイル\camera</Filter>
    </ClCompile>
    <ClCompile Include="score.cpp">
      <Filter>ソースファイル\num</Filter>
    </ClCompile>
    <ClCompile Include="rank.cpp">
      <Filter>ソースファイル\num</Filter>
    </ClCompile>
    <ClCompile Include="number.cpp">
      <Filter>ソースファイル\num</Filter>
    </ClCompile>
    <ClCompile Include="pause.cpp">
      <Filter>ソースファイル\pause</Filter>
    </ClCompile>
    <ClCompile Include="boss.cpp">
      <Filter>ソースファイル\motion</Filter>
    </ClCompile>
    <ClCompile Include="load.cpp">
      <Filter>ソースファイル\便利</Filter>
    </ClCompile>
    <ClCompile Include="logo_flash.cpp">
      <Filter>ソースファイル\logo</Filter>
    </ClCompile>
    <ClCompile Include="tutorial.cpp">
      <Filter>ソースファイル\tutorial</Filter>
    </ClCompile>
  </ItemGroup>
  <ItemGroup>
    <ClInclude Include="avalanche.h">
      <Filter>ソースファイル</Filter>
    </ClInclude>
    <ClInclude Include="barrier.h">
      <Filter>ソースファイル</Filter>
    </ClInclude>
    <ClInclude Include="bg.h">
      <Filter>ソースファイル</Filter>
    </ClInclude>
    <ClInclude Include="bg_move.h">
      <Filter>ソースファイル</Filter>
    </ClInclude>
    <ClInclude Include="bubble.h">
      <Filter>ソースファイル</Filter>
    </ClInclude>
    <ClInclude Include="bullet.h">
      <Filter>ソースファイル</Filter>
    </ClInclude>
    <ClInclude Include="bullet_option.h">
      <Filter>ソースファイル</Filter>
    </ClInclude>
    <ClInclude Include="cloud.h">
      <Filter>ソースファイル</Filter>
    </ClInclude>
    <ClInclude Include="continue.h">
      <Filter>ソースファイル</Filter>
    </ClInclude>
    <ClInclude Include="effect.h">
      <Filter>ソースファイル</Filter>
    </ClInclude>
    <ClInclude Include="enemy.h">
      <Filter>ソースファイル</Filter>
    </ClInclude>
    <ClInclude Include="enemy_data.h">
      <Filter>ソースファイル</Filter>
    </ClInclude>
    <ClInclude Include="explosion.h">
      <Filter>ソースファイル</Filter>
    </ClInclude>
    <ClInclude Include="fade.h">
      <Filter>ソースファイル</Filter>
    </ClInclude>
    <ClInclude Include="fade_scene.h">
      <Filter>ソースファイル</Filter>
    </ClInclude>
    <ClInclude Include="gauge.h">
      <Filter>ソースファイル</Filter>
    </ClInclude>
    <ClInclude Include="item.h">
      <Filter>ソースファイル</Filter>
    </ClInclude>
    <ClInclude Include="life.h">
      <Filter>ソースファイル</Filter>
    </ClInclude>
    <ClInclude Include="light.h">
      <Filter>ソースファイル</Filter>
    </ClInclude>
    <ClInclude Include="spray.h">
      <Filter>ソースファイル</Filter>
    </ClInclude>
    <ClInclude Include="title.h">
      <Filter>ソースファイル\scenes</Filter>
    </ClInclude>
    <ClInclude Include="result.h">
      <Filter>ソースファイル\scenes</Filter>
    </ClInclude>
    <ClInclude Include="game.h">
      <Filter>ソースファイル\scenes</Filter>
    </ClInclude>
    <ClInclude Include="input.h">
      <Filter>ソースファイル\inputs</Filter>
    </ClInclude>
    <ClInclude Include="input_joypad.h">
      <Filter>ソースファイル\inputs</Filter>
    </ClInclude>
    <ClInclude Include="input_keyboard.h">
      <Filter>ソースファイル\inputs</Filter>
    </ClInclude>
    <ClInclude Include="input_mouse.h">
      <Filter>ソースファイル\inputs</Filter>
    </ClInclude>
    <ClInclude Include="main.h">
      <Filter>ソースファイル\main</Filter>
    </ClInclude>
    <ClInclude Include="x_file.h">
      <Filter>ソースファイル\managers</Filter>
    </ClInclude>
    <ClInclude Include="texture.h">
      <Filter>ソースファイル\managers</Filter>
    </ClInclude>
    <ClInclude Include="sound.h">
      <Filter>ソースファイル\managers</Filter>
    </ClInclude>
    <ClInclude Include="manager.h">
      <Filter>ソースファイル\managers</Filter>
    </ClInclude>
    <ClInclude Include="object.h">
      <Filter>ソースファイル\objects</Filter>
    </ClInclude>
    <ClInclude Include="object3D.h">
      <Filter>ソースファイル\objects</Filter>
    </ClInclude>
    <ClInclude Include="renderer.h">
      <Filter>ソースファイル\renderer</Filter>
    </ClInclude>
    <ClInclude Include="object2D.h">
      <Filter>ソースファイル\objects</Filter>
    </ClInclude>
    <ClInclude Include="model.h">
      <Filter>ソースファイル\model</Filter>
    </ClInclude>
    <ClInclude Include="model_crevasse.h">
      <Filter>ソースファイル\model</Filter>
    </ClInclude>
    <ClInclude Include="model_manager.h">
      <Filter>ソースファイル\model</Filter>
    </ClInclude>
    <ClInclude Include="model_obstacle.h">
      <Filter>ソースファイル\model</Filter>
    </ClInclude>
    <ClInclude Include="logo.h">
      <Filter>ソースファイル\logo</Filter>
    </ClInclude>
    <ClInclude Include="logo_countdown.h">
      <Filter>ソースファイル\logo</Filter>
    </ClInclude>
    <ClInclude Include="logo_extend.h">
      <Filter>ソースファイル\logo</Filter>
    </ClInclude>
    <ClInclude Include="mesh_field.h">
      <Filter>ソースファイル\mesh</Filter>
    </ClInclude>
    <ClInclude Include="mesh_sphere.h">
      <Filter>ソースファイル\mesh</Filter>
    </ClInclude>
    <ClInclude Include="x_file_motion.h">
      <Filter>ソースファイル\managers</Filter>
    </ClInclude>
    <ClInclude Include="x_file_data.h">
      <Filter>ソースファイル\managers</Filter>
    </ClInclude>
    <ClInclude Include="motion_data.h">
      <Filter>ソースファイル\managers</Filter>
    </ClInclude>
    <ClInclude Include="motion.h">
      <Filter>ソースファイル\motion</Filter>
    </ClInclude>
    <ClInclude Include="motion_parts.h">
      <Filter>ソースファイル\motion</Filter>
    </ClInclude>
    <ClInclude Include="player.h">
      <Filter>ソースファイル\motion</Filter>
    </ClInclude>
    <ClInclude Include="set_model.h">
      <Filter>ソースファイル\managers</Filter>
    </ClInclude>
    <ClInclude Include="ui.h">
      <Filter>ソースファイル\ui</Filter>
    </ClInclude>
    <ClInclude Include="boss.h">
      <Filter>ソースファイル\motion</Filter>
    </ClInclude>
    <ClInclude Include="billboard.h">
      <Filter>ソースファイル\billboard</Filter>
    </ClInclude>
    <ClInclude Include="debugproc.h">
      <Filter>ソースファイル\renderer</Filter>
    </ClInclude>
    <ClInclude Include="billboard_player.h">
      <Filter>ソースファイル\billboard</Filter>
    </ClInclude>
    <ClInclude Include="library.h">
      <Filter>ソースファイル\便利</Filter>
    </ClInclude>
    <ClInclude Include="camera.h">
      <Filter>ソースファイル\camera</Filter>
    </ClInclude>
    <ClInclude Include="score.h">
      <Filter>ソースファイル\num</Filter>
    </ClInclude>
    <ClInclude Include="rank.h">
      <Filter>ソースファイル\num</Filter>
    </ClInclude>
    <ClInclude Include="number.h">
      <Filter>ソースファイル\num</Filter>
    </ClInclude>
    <ClInclude Include="pause.h">
      <Filter>ソースファイル\pause</Filter>
    </ClInclude>
    <ClInclude Include="load.h">
      <Filter>ソースファイル\便利</Filter>
    </ClInclude>
    <ClInclude Include="logo_flash.h">
      <Filter>ソースファイル\logo</Filter>
    </ClInclude>
    <ClInclude Include="tutorial.h">
      <Filter>ソースファイル\tutorial</Filter>
    </ClInclude>
  </ItemGroup>
  <ItemGroup>
    <Filter Include="ソースファイル">
      <UniqueIdentifier>{da042310-11ee-4a74-87af-fd4612023758}</UniqueIdentifier>
    </Filter>
    <Filter Include="ソースファイル\scenes">
      <UniqueIdentifier>{230f54dc-e9ce-4369-95f2-81969e6ed49c}</UniqueIdentifier>
    </Filter>
    <Filter Include="ソースファイル\inputs">
      <UniqueIdentifier>{29e521d0-0328-4a54-9734-4c8cb2292256}</UniqueIdentifier>
    </Filter>
    <Filter Include="ソースファイル\main">
      <UniqueIdentifier>{1084de07-c881-4a2f-b936-55d3bbd950af}</UniqueIdentifier>
    </Filter>
    <Filter Include="ソースファイル\managers">
      <UniqueIdentifier>{c96475ed-38a1-4d73-9dca-96e1690bfb0b}</UniqueIdentifier>
    </Filter>
    <Filter Include="ソースファイル\objects">
      <UniqueIdentifier>{c75fec94-b3ce-4f60-8092-78ad6d17d702}</UniqueIdentifier>
    </Filter>
    <Filter Include="ソースファイル\renderer">
      <UniqueIdentifier>{de874303-5a09-4f4c-8f10-b6e51684cad2}</UniqueIdentifier>
    </Filter>
    <Filter Include="ソースファイル\logo">
      <UniqueIdentifier>{b6852932-4d31-46a7-9bf7-7a7860cd7fa8}</UniqueIdentifier>
    </Filter>
    <Filter Include="ソースファイル\mesh">
      <UniqueIdentifier>{e2a92aca-90d6-4d6c-9b57-61c059cd9079}</UniqueIdentifier>
    </Filter>
    <Filter Include="ソースファイル\motion">
      <UniqueIdentifier>{4421b1b3-173c-404c-9ab2-1827e1a0a178}</UniqueIdentifier>
    </Filter>
    <Filter Include="ソースファイル\model">
      <UniqueIdentifier>{c062292f-c6e2-4aee-a0bf-c18f99959dc3}</UniqueIdentifier>
    </Filter>
    <Filter Include="ソースファイル\ui">
      <UniqueIdentifier>{00c6a5f4-58e3-4d1c-abd0-d1bd97075c81}</UniqueIdentifier>
    </Filter>
    <Filter Include="ソースファイル\billboard">
      <UniqueIdentifier>{36614ecd-aa9b-49e0-b90c-ec23a64ee82e}</UniqueIdentifier>
    </Filter>
    <Filter Include="ソースファイル\便利">
      <UniqueIdentifier>{185cd90f-278b-4e14-a0ce-c1c31f9cfaec}</UniqueIdentifier>
    </Filter>
    <Filter Include="ソースファイル\camera">
      <UniqueIdentifier>{3fda0b57-7f54-4df8-b0c0-062e93a77130}</UniqueIdentifier>
    </Filter>
    <Filter Include="ソースファイル\num">
      <UniqueIdentifier>{eaac4778-1ce1-476e-b09e-af789b1b333d}</UniqueIdentifier>
    </Filter>
    <Filter Include="ソースファイル\pause">
      <UniqueIdentifier>{a4af2800-1985-4b70-ab4c-dde4ddcc9966}</UniqueIdentifier>
    </Filter>
    <Filter Include="ソースファイル\tutorial">
      <UniqueIdentifier>{dcac0766-d4b0-420c-85b7-4067de379b8b}</UniqueIdentifier>
    </Filter>
  </ItemGroup>
</Project>